{
  "name": "chronos-calendar",
  "lockfileVersion": 3,
  "requires": true,
  "packages": {
    "": {
      "dependencies": {
        "@instantdb/react": "^1.0.49"
      }
    },
    "node_modules/@instantdb/core": {
      "version": "1.0.49",
      "resolved": "https://registry.npmjs.org/@instantdb/core/-/core-1.0.49.tgz",
      "integrity": "sha512-DigxsPBZIpn5cjadM7A3o9u1Tb7akZmJqEhaFsnOLxcW7Ewgu4em2CxJnV7A2tE7NoC/lkDE4RAOz7GlkXvbiA==",
      "license": "Apache-2.0",
      "dependencies": {
        "@instantdb/version": "1.0.49",
        "mutative": "^1.0.10",
        "uuid": "^11.1.0"
      }
    },
    "node_modules/@instantdb/react": {
      "version": "1.0.49",
      "resolved": "https://registry.npmjs.org/@instantdb/react/-/react-1.0.49.tgz",
      "integrity": "sha512-Pljo7o+BiEG1ejwp8yBwvPptVJt1vVurpodvA78nFWLPC2xMOzBH/8qNL+kqFYVk/p8LS0reMi7a2Wf8Jf/THw==",
      "license": "Apache-2.0",
      "dependencies": {
        "@instantdb/core": "1.0.49",
        "@instantdb/react-common": "1.0.49",
        "@instantdb/version": "1.0.49",
        "eventsource": "^4.0.0"
      },
      "peerDependencies": {
        "react": ">=16"
      }
    },
    "node_modules/@instantdb/react-common": {
      "version": "1.0.49",
      "resolved": "https://registry.npmjs.org/@instantdb/react-common/-/react-common-1.0.49.tgz",
      "integrity": "sha512-f5r8KIKdyrZMZKAvU1svh2KMcA3fclaSuksKMRmBqLFCi024IWX1c63V7anWfcwOARBnAcZSvzgTgkK0MzEq6g==",
      "license": "Apache-2.0",
      "dependencies": {
        "@instantdb/core": "1.0.49",
        "@instantdb/version": "1.0.49"
      },
      "peerDependencies": {
        "react": ">=16"
      }
    },
    "node_modules/@instantdb/version": {
      "version": "1.0.49",
      "resolved": "https://registry.npmjs.org/@instantdb/version/-/version-1.0.49.tgz",
      "integrity": "sha512-yP3qhO2U0TWyceY23uM5+t93gDYG58q2nRj5nOb5GertRkk3Yc90+xdSZl9Uw62eYctV3y7gvf5743bZK47fJQ==",
      "license": "Apache-2.0"
    },
    "node_modules/eventsource": {
      "version": "4.1.0",
      "resolved": "https://registry.npmjs.org/eventsource/-/eventsource-4.1.0.tgz",
      "integrity": "sha512-2GuF51iuHX6A9xdTccMTsNb7VO0lHZihApxhvQzJB5A03DvHDd2FQepodbMaztPBmBcE/ox7o2gqaxGhYB9LhQ==",
      "license": "MIT",
      "dependencies": {
        "eventsource-parser": "^3.0.1"
      },
      "engines": {
        "node": ">=20.0.0"
      }
    },
    "node_modules/eventsource-parser": {
      "version": "3.1.0",
      "resolved": "https://registry.npmjs.org/eventsource-parser/-/eventsource-parser-3.1.0.tgz",
      "integrity": "sha512-kJezFj9YFAMLeORyi7aCLxLbD5/qWMQnoMVlVPyHIll7lgRJCc3JVln9Vgl9nwQi0YkMnhdGTMNn7CkRRAptMg==",
      "license": "MIT",
      "engines": {
        "node": ">=18.0.0"
      }
    },
    "node_modules/mutative": {
      "version": "1.3.0",
      "resolved": "https://registry.npmjs.org/mutative/-/mutative-1.3.0.tgz",
      "integrity": "sha512-8MJj6URmOZAV70dpFe1YnSppRTKC4DsMkXQiBDFayLcDI4ljGokHxmpqaBQuDWa4iAxWaJJ1PS8vAmbntjjKmQ==",
      "license": "MIT",
      "engines": {
        "node": ">=14.0"
      }
    },
    "node_modules/react": {
      "version": "19.2.7",
      "resolved": "https://registry.npmjs.org/react/-/react-19.2.7.tgz",
      "integrity": "sha512-HNe9WslTbXmFK8o8cmwgAeJFSBvt1bPdHCVKtaaV+WlAN36mpT4hcRpwbf3fY56ar2oIXzsBpOAiIRHAdY0OlQ==",
      "license": "MIT",
      "peer": true,
      "engines": {
        "node": ">=0.10.0"
      }
    },
    "node_modules/uuid": {
      "version": "11.1.1",
      "resolved": "https://registry.npmjs.org/uuid/-/uuid-11.1.1.tgz",
      "integrity": "sha512-vIYxrBCC/N/K+Js3qSN88go7kIfNPssr/hHCesKCQNAjmgvYS2oqr69kIufEG+O4+PfezOH4EbIeHCfFov8ZgQ==",
      "funding": [
        "https://github.com/sponsors/broofa",
        "https://github.com/sponsors/ctavan"
      ],
      "license": "MIT",
      "bin": {
        "uuid": "dist/esm/bin/uuid"
      }
    }
  }
}
